{
  "name": "kormatron-web",
  "version": "1.0.0",
  "lockfileVersion": 2,
  "requires": true,
  "packages": {
    "": {
      "name": "kormatron-web",
      "version": "1.0.0",
      "license": "ISC",
      "dependencies": {
        "izimodal": "^1.5.1",
        "jquery": "^3.6.0",
        "swup": "^2.0.14"
      }
    },
    "node_modules/delegate": {
      "version": "3.1.3",
      "resolved": "https://registry.npmjs.org/delegate/-/delegate-3.1.3.tgz",
      "integrity": "sha1-moJRp3fXAl+qVXN7w7BxdCEnqf0="
    },
    "node_modules/izimodal": {
      "version": "1.5.1",
      "resolved": "https://registry.npmjs.org/izimodal/-/izimodal-1.5.1.tgz",
      "integrity": "sha512-DqqGUd741tAqJnWZMQRgixlgtSB6tb/HhfddmlsFWE5P7sckF2SmKVyyttpAdBdN5LUzQiF/R/+IjJw0TS5oTA==",
      "dependencies": {
        "jquery": "~2"
      }
    },
    "node_modules/izimodal/node_modules/jquery": {
      "version": "2.2.4",
      "resolved": "https://registry.npmjs.org/jquery/-/jquery-2.2.4.tgz",
      "integrity": "sha1-LInWiJterFIqfuoywUUhVZxsvwI="
    },
    "node_modules/jquery": {
      "version": "3.6.0",
      "resolved": "https://registry.npmjs.org/jquery/-/jquery-3.6.0.tgz",
      "integrity": "sha512-JVzAR/AjBvVt2BmYhxRCSYysDsPcssdmTFnzyLEts9qNwmjmu4JTAMYubEfwVOSwpQ1I1sKKFcxhZCI2buerfw=="
    },
    "node_modules/opencollective-postinstall": {
      "version": "2.0.3",
      "resolved": "https://registry.npmjs.org/opencollective-postinstall/-/opencollective-postinstall-2.0.3.tgz",
      "integrity": "sha512-8AV/sCtuzUeTo8gQK5qDZzARrulB3egtLzFgteqB2tcT4Mw7B8Kt7JcDHmltjz6FOAHsvTevk70gZEbhM4ZS9Q==",
      "bin": {
        "opencollective-postinstall": "index.js"
      }
    },
    "node_modules/swup": {
      "version": "2.0.14",
      "resolved": "https://registry.npmjs.org/swup/-/swup-2.0.14.tgz",
      "integrity": "sha512-a+Ihye+rTOwyW7T/vJYwGEKy9kJwc4twwlBryoKZY6WNutQOdpWUKmCkJdvkrDNIqBAvIqpsGUW1NJvoxZxP8w==",
      "hasInstallScript": true,
      "dependencies": {
        "delegate": "3.1.3",
        "opencollective-postinstall": "^2.0.2"
      }
    }
  },
  "dependencies": {
    "delegate": {
      "version": "3.1.3",
      "resolved": "https://registry.npmjs.org/delegate/-/delegate-3.1.3.tgz",
      "integrity": "sha1-moJRp3fXAl+qVXN7w7BxdCEnqf0="
    },
    "izimodal": {
      "version": "1.5.1",
      "resolved": "https://registry.npmjs.org/izimodal/-/izimodal-1.5.1.tgz",
      "integrity": "sha512-DqqGUd741tAqJnWZMQRgixlgtSB6tb/HhfddmlsFWE5P7sckF2SmKVyyttpAdBdN5LUzQiF/R/+IjJw0TS5oTA==",
      "requires": {
        "jquery": "~2"
      },
      "dependencies": {
        "jquery": {
          "version": "2.2.4",
          "resolved": "https://registry.npmjs.org/jquery/-/jquery-2.2.4.tgz",
          "integrity": "sha1-LInWiJterFIqfuoywUUhVZxsvwI="
        }
      }
    },
    "jquery": {
      "version": "3.6.0",
      "resolved": "https://registry.npmjs.org/jquery/-/jquery-3.6.0.tgz",
      "integrity": "sha512-JVzAR/AjBvVt2BmYhxRCSYysDsPcssdmTFnzyLEts9qNwmjmu4JTAMYubEfwVOSwpQ1I1sKKFcxhZCI2buerfw=="
    },
    "opencollective-postinstall": {
      "version": "2.0.3",
      "resolved": "https://registry.npmjs.org/opencollective-postinstall/-/opencollective-postinstall-2.0.3.tgz",
      "integrity": "sha512-8AV/sCtuzUeTo8gQK5qDZzARrulB3egtLzFgteqB2tcT4Mw7B8Kt7JcDHmltjz6FOAHsvTevk70gZEbhM4ZS9Q=="
    },
    "swup": {
      "version": "2.0.14",
      "resolved": "https://registry.npmjs.org/swup/-/swup-2.0.14.tgz",
      "integrity": "sha512-a+Ihye+rTOwyW7T/vJYwGEKy9kJwc4twwlBryoKZY6WNutQOdpWUKmCkJdvkrDNIqBAvIqpsGUW1NJvoxZxP8w==",
      "requires": {
        "delegate": "3.1.3",
        "opencollective-postinstall": "^2.0.2"
      }
    }
  }
}
