{
  "name": "kormatron-web",
  "version": "1.0.0",
  "lockfileVersion": 2,
  "requires": true,
  "packages": {
    "": {
      "name": "kormatron-web",
      "version": "1.0.0",
      "license": "ISC",
      "dependencies": {
        "izimodal": "^1.5.1",
        "izitoast": "^1.4.0",
        "jquery": "^3.6.0"
      }
    },
    "node_modules/izimodal": {
      "version": "1.5.1",
      "resolved": "https://registry.npmjs.org/izimodal/-/izimodal-1.5.1.tgz",
      "integrity": "sha512-DqqGUd741tAqJnWZMQRgixlgtSB6tb/HhfddmlsFWE5P7sckF2SmKVyyttpAdBdN5LUzQiF/R/+IjJw0TS5oTA==",
      "dependencies": {
        "jquery": "~2"
      }
    },
    "node_modules/izimodal/node_modules/jquery": {
      "version": "2.2.4",
      "resolved": "https://registry.npmjs.org/jquery/-/jquery-2.2.4.tgz",
      "integrity": "sha1-LInWiJterFIqfuoywUUhVZxsvwI="
    },
    "node_modules/izitoast": {
      "version": "1.4.0",
      "resolved": "https://registry.npmjs.org/izitoast/-/izitoast-1.4.0.tgz",
      "integrity": "sha512-Oc1X2wiQtPp39i5VpIjf3GJf5sfCtHKXZ5szx7RareyEeFLUlcEW0FSfBni28+Ul6KNKZRKzhVuWzSP4Xngh0w=="
    },
    "node_modules/jquery": {
      "version": "3.6.0",
      "resolved": "https://registry.npmjs.org/jquery/-/jquery-3.6.0.tgz",
      "integrity": "sha512-JVzAR/AjBvVt2BmYhxRCSYysDsPcssdmTFnzyLEts9qNwmjmu4JTAMYubEfwVOSwpQ1I1sKKFcxhZCI2buerfw=="
    }
  },
  "dependencies": {
    "izimodal": {
      "version": "1.5.1",
      "resolved": "https://registry.npmjs.org/izimodal/-/izimodal-1.5.1.tgz",
      "integrity": "sha512-DqqGUd741tAqJnWZMQRgixlgtSB6tb/HhfddmlsFWE5P7sckF2SmKVyyttpAdBdN5LUzQiF/R/+IjJw0TS5oTA==",
      "requires": {
        "jquery": "~2"
      },
      "dependencies": {
        "jquery": {
          "version": "2.2.4",
          "resolved": "https://registry.npmjs.org/jquery/-/jquery-2.2.4.tgz",
          "integrity": "sha1-LInWiJterFIqfuoywUUhVZxsvwI="
        }
      }
    },
    "izitoast": {
      "version": "1.4.0",
      "resolved": "https://registry.npmjs.org/izitoast/-/izitoast-1.4.0.tgz",
      "integrity": "sha512-Oc1X2wiQtPp39i5VpIjf3GJf5sfCtHKXZ5szx7RareyEeFLUlcEW0FSfBni28+Ul6KNKZRKzhVuWzSP4Xngh0w=="
    },
    "jquery": {
      "version": "3.6.0",
      "resolved": "https://registry.npmjs.org/jquery/-/jquery-3.6.0.tgz",
      "integrity": "sha512-JVzAR/AjBvVt2BmYhxRCSYysDsPcssdmTFnzyLEts9qNwmjmu4JTAMYubEfwVOSwpQ1I1sKKFcxhZCI2buerfw=="
    }
  }
}
